PODS:
  - Alamofire (4.7.3)
  - Crashlytics (3.11.1):
    - Fabric (~> 1.8.1)
  - Fabric (1.8.2)
  - FRadioPlayer (0.1.11)
  - Mute (0.3.0)
  - ReachabilitySwift (4.3.0)
  - Toast (4.0.0)
  - ViewDeck (3.1.0)

DEPENDENCIES:
  - Alamofire
  - Crashlytics
  - Fabric
  - FRadioPlayer
  - Mute
  - ReachabilitySwift
  - Toast
  - ViewDeck

SPEC REPOS:
  https://github.com/cocoapods/specs.git:
    - Alamofire
    - Crashlytics
    - Fabric
    - FRadioPlayer
    - Mute
    - ReachabilitySwift
    - Toast
    - ViewDeck

SPEC CHECKSUMS:
  Alamofire: c7287b6e5d7da964a70935e5db17046b7fde6568
  Crashlytics: ca7ab4bc304aa216bdc2e4c1a96389ee77252203
  Fabric: d2b22f443ba195d8a7cc204da230977c72733b40
  FRadioPlayer: 27b1b7dd33d12ff01b67dc57c89999baf0bbb3e6
  Mute: 448b37cf5b12dd87f742dcea6141898e25422dea
  ReachabilitySwift: 408477d1b6ed9779dba301953171e017c31241f3
  Toast: 91b396c56ee72a5790816f40d3a94dd357abc196
  ViewDeck: 942d90dd23c9f97cc8038be352255378167edcca

PODFILE CHECKSUM: 818161b856b7b9b3157a51a4e35a59c81d58b5fe

COCOAPODS: 1.5.3
