// !$*UTF8*$!
{
	archiveVersion = 1;
	classes = {
	};
	objectVersion = 50;
	objects = {

/* Begin PBXBuildFile section */
		3853A5E22180ED0B0061DB09 /* AppDelegate.swift in Sources */ = {isa = PBXBuildFile; fileRef = 3853A5E12180ED0B0061DB09 /* AppDelegate.swift */; };
		3853A5E72180ED0B0061DB09 /* Main.storyboard in Resources */ = {isa = PBXBuildFile; fileRef = 3853A5E52180ED0B0061DB09 /* Main.storyboard */; };
		3853A5E92180ED0E0061DB09 /* Assets.xcassets in Resources */ = {isa = PBXBuildFile; fileRef = 3853A5E82180ED0E0061DB09 /* Assets.xcassets */; };
		3853A5EC2180ED0E0061DB09 /* LaunchScreen.storyboard in Resources */ = {isa = PBXBuildFile; fileRef = 3853A5EA2180ED0E0061DB09 /* LaunchScreen.storyboard */; };
		3853A5F82180F0460061DB09 /* Foundation.framework in Frameworks */ = {isa = PBXBuildFile; fileRef = 3853A5F72180F0460061DB09 /* Foundation.framework */; };
		3853A5FB2180F11F0061DB09 /* Configuration.swift in Sources */ = {isa = PBXBuildFile; fileRef = 3853A5FA2180F11F0061DB09 /* Configuration.swift */; };
		3853A5FD2180F3D30061DB09 /* RootViewController.swift in Sources */ = {isa = PBXBuildFile; fileRef = 3853A5FC2180F3D30061DB09 /* RootViewController.swift */; };
		3853A5FF2180F44C0061DB09 /* AudioUtils.swift in Sources */ = {isa = PBXBuildFile; fileRef = 3853A5FE2180F44C0061DB09 /* AudioUtils.swift */; };
		38D97D002199718D004623C9 /* LaunchViewController.swift in Sources */ = {isa = PBXBuildFile; fileRef = 38D97CFF2199718D004623C9 /* LaunchViewController.swift */; };
		38D97D02219972A8004623C9 /* NetworkUtils.swift in Sources */ = {isa = PBXBuildFile; fileRef = 38D97D01219972A8004623C9 /* NetworkUtils.swift */; };
		38D97D0421998B41004623C9 /* ColorUtils.swift in Sources */ = {isa = PBXBuildFile; fileRef = 38D97D0321998B41004623C9 /* ColorUtils.swift */; };
		38D97D062199AB35004623C9 /* LocalDatabase.swift in Sources */ = {isa = PBXBuildFile; fileRef = 38D97D052199AB35004623C9 /* LocalDatabase.swift */; };
		38F0DBDD2185BD750045CE66 /* RadioUtils.swift in Sources */ = {isa = PBXBuildFile; fileRef = 38F0DBDC2185BD750045CE66 /* RadioUtils.swift */; };
		38F0DBDF2185D9920045CE66 /* TableViewController.swift in Sources */ = {isa = PBXBuildFile; fileRef = 38F0DBDE2185D9920045CE66 /* TableViewController.swift */; };
		38F0DBE12185D9A30045CE66 /* MenuViewController.swift in Sources */ = {isa = PBXBuildFile; fileRef = 38F0DBE02185D9A30045CE66 /* MenuViewController.swift */; };
		83B16EED5741D22BADBD98BB /* Pods_RadioFmApp.framework in Frameworks */ = {isa = PBXBuildFile; fileRef = BCCA7B8A5F25088233074501 /* Pods_RadioFmApp.framework */; };
/* End PBXBuildFile section */

/* Begin PBXFileReference section */
		3853A5DE2180ED0B0061DB09 /* RadioFmApp.app */ = {isa = PBXFileReference; explicitFileType = wrapper.application; includeInIndex = 0; path = RadioFmApp.app; sourceTree = BUILT_PRODUCTS_DIR; };
		3853A5E12180ED0B0061DB09 /* AppDelegate.swift */ = {isa = PBXFileReference; lastKnownFileType = sourcecode.swift; path = AppDelegate.swift; sourceTree = "<group>"; };
		3853A5E62180ED0B0061DB09 /* Base */ = {isa = PBXFileReference; lastKnownFileType = file.storyboard; name = Base; path = Base.lproj/Main.storyboard; sourceTree = "<group>"; };
		3853A5E82180ED0E0061DB09 /* Assets.xcassets */ = {isa = PBXFileReference; lastKnownFileType = folder.assetcatalog; path = Assets.xcassets; sourceTree = "<group>"; };
		3853A5EB2180ED0E0061DB09 /* Base */ = {isa = PBXFileReference; lastKnownFileType = file.storyboard; name = Base; path = Base.lproj/LaunchScreen.storyboard; sourceTree = "<group>"; };
		3853A5F72180F0460061DB09 /* Foundation.framework */ = {isa = PBXFileReference; lastKnownFileType = wrapper.framework; name = Foundation.framework; path = System/Library/Frameworks/Foundation.framework; sourceTree = SDKROOT; };
		3853A5FA2180F11F0061DB09 /* Configuration.swift */ = {isa = PBXFileReference; lastKnownFileType = sourcecode.swift; path = Configuration.swift; sourceTree = "<group>"; };
		3853A5FC2180F3D30061DB09 /* RootViewController.swift */ = {isa = PBXFileReference; lastKnownFileType = sourcecode.swift; path = RootViewController.swift; sourceTree = "<group>"; };
		3853A5FE2180F44C0061DB09 /* AudioUtils.swift */ = {isa = PBXFileReference; lastKnownFileType = sourcecode.swift; path = AudioUtils.swift; sourceTree = "<group>"; };
		3853A6002180F68D0061DB09 /* Info.plist */ = {isa = PBXFileReference; fileEncoding = 4; lastKnownFileType = text.plist.xml; name = Info.plist; path = RadioFmApp/Info.plist; sourceTree = SOURCE_ROOT; };
		38D97CFF2199718D004623C9 /* LaunchViewController.swift */ = {isa = PBXFileReference; lastKnownFileType = sourcecode.swift; path = LaunchViewController.swift; sourceTree = "<group>"; };
		38D97D01219972A8004623C9 /* NetworkUtils.swift */ = {isa = PBXFileReference; lastKnownFileType = sourcecode.swift; path = NetworkUtils.swift; sourceTree = "<group>"; };
		38D97D0321998B41004623C9 /* ColorUtils.swift */ = {isa = PBXFileReference; lastKnownFileType = sourcecode.swift; path = ColorUtils.swift; sourceTree = "<group>"; };
		38D97D052199AB35004623C9 /* LocalDatabase.swift */ = {isa = PBXFileReference; lastKnownFileType = sourcecode.swift; path = LocalDatabase.swift; sourceTree = "<group>"; };
		38F0DBDC2185BD750045CE66 /* RadioUtils.swift */ = {isa = PBXFileReference; lastKnownFileType = sourcecode.swift; path = RadioUtils.swift; sourceTree = "<group>"; };
		38F0DBDE2185D9920045CE66 /* TableViewController.swift */ = {isa = PBXFileReference; lastKnownFileType = sourcecode.swift; path = TableViewController.swift; sourceTree = "<group>"; };
		38F0DBE02185D9A30045CE66 /* MenuViewController.swift */ = {isa = PBXFileReference; lastKnownFileType = sourcecode.swift; path = MenuViewController.swift; sourceTree = "<group>"; };
		B786C0E790CCCC5A0FE7E97B /* Pods-RadioFmApp.debug.xcconfig */ = {isa = PBXFileReference; includeInIndex = 1; lastKnownFileType = text.xcconfig; name = "Pods-RadioFmApp.debug.xcconfig"; path = "Pods/Target Support Files/Pods-RadioFmApp/Pods-RadioFmApp.debug.xcconfig"; sourceTree = "<group>"; };
		BCCA7B8A5F25088233074501 /* Pods_RadioFmApp.framework */ = {isa = PBXFileReference; explicitFileType = wrapper.framework; includeInIndex = 0; path = Pods_RadioFmApp.framework; sourceTree = BUILT_PRODUCTS_DIR; };
		C1FE89FF1BE8DFC9A3FE1F8A /* Pods-RadioFmApp.release.xcconfig */ = {isa = PBXFileReference; includeInIndex = 1; lastKnownFileType = text.xcconfig; name = "Pods-RadioFmApp.release.xcconfig"; path = "Pods/Target Support Files/Pods-RadioFmApp/Pods-RadioFmApp.release.xcconfig"; sourceTree = "<group>"; };
/* End PBXFileReference section */

/* Begin PBXFrameworksBuildPhase section */
		3853A5DB2180ED0B0061DB09 /* Frameworks */ = {
			isa = PBXFrameworksBuildPhase;
			buildActionMask = 2147483647;
			files = (
				3853A5F82180F0460061DB09 /* Foundation.framework in Frameworks */,
				83B16EED5741D22BADBD98BB /* Pods_RadioFmApp.framework in Frameworks */,
			);
			runOnlyForDeploymentPostprocessing = 0;
		};
/* End PBXFrameworksBuildPhase section */

/* Begin PBXGroup section */
		3853A5D52180ED0B0061DB09 = {
			isa = PBXGroup;
			children = (
				3853A5E02180ED0B0061DB09 /* RadioFmApp */,
				3853A5DF2180ED0B0061DB09 /* Products */,
				6049CE07CACADDC22E2121A6 /* Pods */,
				7ECBCF3F36EBC628405365C7 /* Frameworks */,
			);
			sourceTree = "<group>";
		};
		3853A5DF2180ED0B0061DB09 /* Products */ = {
			isa = PBXGroup;
			children = (
				3853A5DE2180ED0B0061DB09 /* RadioFmApp.app */,
			);
			name = Products;
			sourceTree = "<group>";
		};
		3853A5E02180ED0B0061DB09 /* RadioFmApp */ = {
			isa = PBXGroup;
			children = (
				3853A5E82180ED0E0061DB09 /* Assets.xcassets */,
				3853A5F32180EF490061DB09 /* Code */,
				3853A5EA2180ED0E0061DB09 /* LaunchScreen.storyboard */,
				3853A5E52180ED0B0061DB09 /* Main.storyboard */,
				3853A5F42180EF590061DB09 /* Supporting Files */,
			);
			path = RadioFmApp;
			sourceTree = "<group>";
		};
		3853A5F32180EF490061DB09 /* Code */ = {
			isa = PBXGroup;
			children = (
				3853A5E12180ED0B0061DB09 /* AppDelegate.swift */,
				3853A5FA2180F11F0061DB09 /* Configuration.swift */,
				3853A5F52180EF670061DB09 /* Controllers */,
				3853A5F62180EF740061DB09 /* Utils */,
			);
			path = Code;
			sourceTree = "<group>";
		};
		3853A5F42180EF590061DB09 /* Supporting Files */ = {
			isa = PBXGroup;
			children = (
				3853A6002180F68D0061DB09 /* Info.plist */,
			);
			path = "Supporting Files";
			sourceTree = "<group>";
		};
		3853A5F52180EF670061DB09 /* Controllers */ = {
			isa = PBXGroup;
			children = (
				38D97CFF2199718D004623C9 /* LaunchViewController.swift */,
				38F0DBE02185D9A30045CE66 /* MenuViewController.swift */,
				3853A5FC2180F3D30061DB09 /* RootViewController.swift */,
				38F0DBDE2185D9920045CE66 /* TableViewController.swift */,
			);
			path = Controllers;
			sourceTree = "<group>";
		};
		3853A5F62180EF740061DB09 /* Utils */ = {
			isa = PBXGroup;
			children = (
				3853A5FE2180F44C0061DB09 /* AudioUtils.swift */,
				38D97D0321998B41004623C9 /* ColorUtils.swift */,
				38D97D052199AB35004623C9 /* LocalDatabase.swift */,
				38D97D01219972A8004623C9 /* NetworkUtils.swift */,
				38F0DBDC2185BD750045CE66 /* RadioUtils.swift */,
			);
			path = Utils;
			sourceTree = "<group>";
		};
		6049CE07CACADDC22E2121A6 /* Pods */ = {
			isa = PBXGroup;
			children = (
				B786C0E790CCCC5A0FE7E97B /* Pods-RadioFmApp.debug.xcconfig */,
				C1FE89FF1BE8DFC9A3FE1F8A /* Pods-RadioFmApp.release.xcconfig */,
			);
			name = Pods;
			sourceTree = "<group>";
		};
		7ECBCF3F36EBC628405365C7 /* Frameworks */ = {
			isa = PBXGroup;
			children = (
				3853A5F72180F0460061DB09 /* Foundation.framework */,
				BCCA7B8A5F25088233074501 /* Pods_RadioFmApp.framework */,
			);
			name = Frameworks;
			sourceTree = "<group>";
		};
/* End PBXGroup section */

/* Begin PBXNativeTarget section */
		3853A5DD2180ED0B0061DB09 /* RadioFmApp */ = {
			isa = PBXNativeTarget;
			buildConfigurationList = 3853A5F02180ED0E0061DB09 /* Build configuration list for PBXNativeTarget "RadioFmApp" */;
			buildPhases = (
				38674E480065FDE7B1EE22CD /* [CP] Check Pods Manifest.lock */,
				3853A5DA2180ED0B0061DB09 /* Sources */,
				3853A5DB2180ED0B0061DB09 /* Frameworks */,
				3853A5DC2180ED0B0061DB09 /* Resources */,
				5110DF65C2D6ED03CCCA08BE /* [CP] Embed Pods Frameworks */,
				3853A5F92180F0840061DB09 /* Run Script Build */,
			);
			buildRules = (
			);
			dependencies = (
			);
			name = RadioFmApp;
			productName = RadioFmApp;
			productReference = 3853A5DE2180ED0B0061DB09 /* RadioFmApp.app */;
			productType = "com.apple.product-type.application";
		};
/* End PBXNativeTarget section */

/* Begin PBXProject section */
		3853A5D62180ED0B0061DB09 /* Project object */ = {
			isa = PBXProject;
			attributes = {
				LastSwiftUpdateCheck = 1000;
				LastUpgradeCheck = 1000;
				ORGANIZATIONNAME = Alvaro;
				TargetAttributes = {
					3853A5DD2180ED0B0061DB09 = {
						CreatedOnToolsVersion = 10.0;
					};
				};
			};
			buildConfigurationList = 3853A5D92180ED0B0061DB09 /* Build configuration list for PBXProject "RadioFmApp" */;
			compatibilityVersion = "Xcode 9.3";
			developmentRegion = en;
			hasScannedForEncodings = 0;
			knownRegions = (
				en,
				Base,
			);
			mainGroup = 3853A5D52180ED0B0061DB09;
			productRefGroup = 3853A5DF2180ED0B0061DB09 /* Products */;
			projectDirPath = "";
			projectRoot = "";
			targets = (
				3853A5DD2180ED0B0061DB09 /* RadioFmApp */,
			);
		};
/* End PBXProject section */

/* Begin PBXResourcesBuildPhase section */
		3853A5DC2180ED0B0061DB09 /* Resources */ = {
			isa = PBXResourcesBuildPhase;
			buildActionMask = 2147483647;
			files = (
				3853A5EC2180ED0E0061DB09 /* LaunchScreen.storyboard in Resources */,
				3853A5E92180ED0E0061DB09 /* Assets.xcassets in Resources */,
				3853A5E72180ED0B0061DB09 /* Main.storyboard in Resources */,
			);
			runOnlyForDeploymentPostprocessing = 0;
		};
/* End PBXResourcesBuildPhase section */

/* Begin PBXShellScriptBuildPhase section */
		3853A5F92180F0840061DB09 /* Run Script Build */ = {
			isa = PBXShellScriptBuildPhase;
			buildActionMask = 2147483647;
			files = (
			);
			inputFileListPaths = (
			);
			inputPaths = (
			);
			name = "Run Script Build";
			outputFileListPaths = (
			);
			outputPaths = (
			);
			runOnlyForDeploymentPostprocessing = 0;
			shellPath = /bin/sh;
			shellScript = "buildNumber=`/bin/date +%Y%m%d%H%M%S`\n/usr/libexec/PlistBuddy -c \"Set :CFBundleVersion $buildNumber\" \"${PROJECT_DIR}/${INFOPLIST_FILE}\"\n";
		};
		38674E480065FDE7B1EE22CD /* [CP] Check Pods Manifest.lock */ = {
			isa = PBXShellScriptBuildPhase;
			buildActionMask = 2147483647;
			files = (
			);
			inputPaths = (
				"${PODS_PODFILE_DIR_PATH}/Podfile.lock",
				"${PODS_ROOT}/Manifest.lock",
			);
			name = "[CP] Check Pods Manifest.lock";
			outputPaths = (
				"$(DERIVED_FILE_DIR)/Pods-RadioFmApp-checkManifestLockResult.txt",
			);
			runOnlyForDeploymentPostprocessing = 0;
			shellPath = /bin/sh;
			shellScript = "diff \"${PODS_PODFILE_DIR_PATH}/Podfile.lock\" \"${PODS_ROOT}/Manifest.lock\" > /dev/null\nif [ $? != 0 ] ; then\n    # print error to STDERR\n    echo \"error: The sandbox is not in sync with the Podfile.lock. Run 'pod install' or update your CocoaPods installation.\" >&2\n    exit 1\nfi\n# This output is used by Xcode 'outputs' to avoid re-running this script phase.\necho \"SUCCESS\" > \"${SCRIPT_OUTPUT_FILE_0}\"\n";
			showEnvVarsInLog = 0;
		};
		5110DF65C2D6ED03CCCA08BE /* [CP] Embed Pods Frameworks */ = {
			isa = PBXShellScriptBuildPhase;
			buildActionMask = 2147483647;
			files = (
			);
			inputPaths = (
				"${SRCROOT}/Pods/Target Support Files/Pods-RadioFmApp/Pods-RadioFmApp-frameworks.sh",
				"${BUILT_PRODUCTS_DIR}/Alamofire/Alamofire.framework",
				"${BUILT_PRODUCTS_DIR}/FRadioPlayer/FRadioPlayer.framework",
				"${BUILT_PRODUCTS_DIR}/Mute/Mute.framework",
				"${BUILT_PRODUCTS_DIR}/ReachabilitySwift/Reachability.framework",
				"${BUILT_PRODUCTS_DIR}/Toast/Toast.framework",
				"${BUILT_PRODUCTS_DIR}/ViewDeck/ViewDeck.framework",
			);
			name = "[CP] Embed Pods Frameworks";
			outputPaths = (
				"${TARGET_BUILD_DIR}/${FRAMEWORKS_FOLDER_PATH}/Alamofire.framework",
				"${TARGET_BUILD_DIR}/${FRAMEWORKS_FOLDER_PATH}/FRadioPlayer.framework",
				"${TARGET_BUILD_DIR}/${FRAMEWORKS_FOLDER_PATH}/Mute.framework",
				"${TARGET_BUILD_DIR}/${FRAMEWORKS_FOLDER_PATH}/Reachability.framework",
				"${TARGET_BUILD_DIR}/${FRAMEWORKS_FOLDER_PATH}/Toast.framework",
				"${TARGET_BUILD_DIR}/${FRAMEWORKS_FOLDER_PATH}/ViewDeck.framework",
			);
			runOnlyForDeploymentPostprocessing = 0;
			shellPath = /bin/sh;
			shellScript = "\"${SRCROOT}/Pods/Target Support Files/Pods-RadioFmApp/Pods-RadioFmApp-frameworks.sh\"\n";
			showEnvVarsInLog = 0;
		};
/* End PBXShellScriptBuildPhase section */

/* Begin PBXSourcesBuildPhase section */
		3853A5DA2180ED0B0061DB09 /* Sources */ = {
			isa = PBXSourcesBuildPhase;
			buildActionMask = 2147483647;
			files = (
				3853A5FB2180F11F0061DB09 /* Configuration.swift in Sources */,
				38D97D0421998B41004623C9 /* ColorUtils.swift in Sources */,
				38F0DBDF2185D9920045CE66 /* TableViewController.swift in Sources */,
				3853A5E22180ED0B0061DB09 /* AppDelegate.swift in Sources */,
				38F0DBE12185D9A30045CE66 /* MenuViewController.swift in Sources */,
				38D97D02219972A8004623C9 /* NetworkUtils.swift in Sources */,
				38D97D062199AB35004623C9 /* LocalDatabase.swift in Sources */,
				3853A5FF2180F44C0061DB09 /* AudioUtils.swift in Sources */,
				3853A5FD2180F3D30061DB09 /* RootViewController.swift in Sources */,
				38F0DBDD2185BD750045CE66 /* RadioUtils.swift in Sources */,
				38D97D002199718D004623C9 /* LaunchViewController.swift in Sources */,
			);
			runOnlyForDeploymentPostprocessing = 0;
		};
/* End PBXSourcesBuildPhase section */

/* Begin PBXVariantGroup section */
		3853A5E52180ED0B0061DB09 /* Main.storyboard */ = {
			isa = PBXVariantGroup;
			children = (
				3853A5E62180ED0B0061DB09 /* Base */,
			);
			name = Main.storyboard;
			sourceTree = "<group>";
		};
		3853A5EA2180ED0E0061DB09 /* LaunchScreen.storyboard */ = {
			isa = PBXVariantGroup;
			children = (
				3853A5EB2180ED0E0061DB09 /* Base */,
			);
			name = LaunchScreen.storyboard;
			sourceTree = "<group>";
		};
/* End PBXVariantGroup section */

/* Begin XCBuildConfiguration section */
		3853A5EE2180ED0E0061DB09 /* Debug */ = {
			isa = XCBuildConfiguration;
			buildSettings = {
				ALWAYS_SEARCH_USER_PATHS = NO;
				CLANG_ANALYZER_NONNULL = YES;
				CLANG_ANALYZER_NUMBER_OBJECT_CONVERSION = YES_AGGRESSIVE;
				CLANG_CXX_LANGUAGE_STANDARD = "gnu++14";
				CLANG_CXX_LIBRARY = "libc++";
				CLANG_ENABLE_MODULES = YES;
				CLANG_ENABLE_OBJC_ARC = YES;
				CLANG_ENABLE_OBJC_WEAK = YES;
				CLANG_WARN_BLOCK_CAPTURE_AUTORELEASING = YES;
				CLANG_WARN_BOOL_CONVERSION = YES;
				CLANG_WARN_COMMA = YES;
				CLANG_WARN_CONSTANT_CONVERSION = YES;
				CLANG_WARN_DEPRECATED_OBJC_IMPLEMENTATIONS = YES;
				CLANG_WARN_DIRECT_OBJC_ISA_USAGE = YES_ERROR;
				CLANG_WARN_DOCUMENTATION_COMMENTS = YES;
				CLANG_WARN_EMPTY_BODY = YES;
				CLANG_WARN_ENUM_CONVERSION = YES;
				CLANG_WARN_INFINITE_RECURSION = YES;
				CLANG_WARN_INT_CONVERSION = YES;
				CLANG_WARN_NON_LITERAL_NULL_CONVERSION = YES;
				CLANG_WARN_OBJC_IMPLICIT_RETAIN_SELF = YES;
				CLANG_WARN_OBJC_LITERAL_CONVERSION = YES;
				CLANG_WARN_OBJC_ROOT_CLASS = YES_ERROR;
				CLANG_WARN_RANGE_LOOP_ANALYSIS = YES;
				CLANG_WARN_STRICT_PROTOTYPES = YES;
				CLANG_WARN_SUSPICIOUS_MOVE = YES;
				CLANG_WARN_UNGUARDED_AVAILABILITY = YES_AGGRESSIVE;
				CLANG_WARN_UNREACHABLE_CODE = YES;
				CLANG_WARN__DUPLICATE_METHOD_MATCH = YES;
				CODE_SIGN_IDENTITY = "iPhone Developer";
				COPY_PHASE_STRIP = NO;
				DEBUG_INFORMATION_FORMAT = dwarf;
				ENABLE_STRICT_OBJC_MSGSEND = YES;
				ENABLE_TESTABILITY = YES;
				GCC_C_LANGUAGE_STANDARD = gnu11;
				GCC_DYNAMIC_NO_PIC = NO;
				GCC_NO_COMMON_BLOCKS = YES;
				GCC_OPTIMIZATION_LEVEL = 0;
				GCC_PREPROCESSOR_DEFINITIONS = (
					"DEBUG=1",
					"$(inherited)",
				);
				GCC_WARN_64_TO_32_BIT_CONVERSION = YES;
				GCC_WARN_ABOUT_RETURN_TYPE = YES_ERROR;
				GCC_WARN_UNDECLARED_SELECTOR = YES;
				GCC_WARN_UNINITIALIZED_AUTOS = YES_AGGRESSIVE;
				GCC_WARN_UNUSED_FUNCTION = YES;
				GCC_WARN_UNUSED_VARIABLE = YES;
				IPHONEOS_DEPLOYMENT_TARGET = 12.0;
				MTL_ENABLE_DEBUG_INFO = INCLUDE_SOURCE;
				MTL_FAST_MATH = YES;
				ONLY_ACTIVE_ARCH = YES;
				SDKROOT = iphoneos;
				SWIFT_ACTIVE_COMPILATION_CONDITIONS = DEBUG;
				SWIFT_OPTIMIZATION_LEVEL = "-Onone";
			};
			name = Debug;
		};
		3853A5EF2180ED0E0061DB09 /* Release */ = {
			isa = XCBuildConfiguration;
			buildSettings = {
				ALWAYS_SEARCH_USER_PATHS = NO;
				CLANG_ANALYZER_NONNULL = YES;
				CLANG_ANALYZER_NUMBER_OBJECT_CONVERSION = YES_AGGRESSIVE;
				CLANG_CXX_LANGUAGE_STANDARD = "gnu++14";
				CLANG_CXX_LIBRARY = "libc++";
				CLANG_ENABLE_MODULES = YES;
				CLANG_ENABLE_OBJC_ARC = YES;
				CLANG_ENABLE_OBJC_WEAK = YES;
				CLANG_WARN_BLOCK_CAPTURE_AUTORELEASING = YES;
				CLANG_WARN_BOOL_CONVERSION = YES;
				CLANG_WARN_COMMA = YES;
				CLANG_WARN_CONSTANT_CONVERSION = YES;
				CLANG_WARN_DEPRECATED_OBJC_IMPLEMENTATIONS = YES;
				CLANG_WARN_DIRECT_OBJC_ISA_USAGE = YES_ERROR;
				CLANG_WARN_DOCUMENTATION_COMMENTS = YES;
				CLANG_WARN_EMPTY_BODY = YES;
				CLANG_WARN_ENUM_CONVERSION = YES;
				CLANG_WARN_INFINITE_RECURSION = YES;
				CLANG_WARN_INT_CONVERSION = YES;
				CLANG_WARN_NON_LITERAL_NULL_CONVERSION = YES;
				CLANG_WARN_OBJC_IMPLICIT_RETAIN_SELF = YES;
				CLANG_WARN_OBJC_LITERAL_CONVERSION = YES;
				CLANG_WARN_OBJC_ROOT_CLASS = YES_ERROR;
				CLANG_WARN_RANGE_LOOP_ANALYSIS = YES;
				CLANG_WARN_STRICT_PROTOTYPES = YES;
				CLANG_WARN_SUSPICIOUS_MOVE = YES;
				CLANG_WARN_UNGUARDED_AVAILABILITY = YES_AGGRESSIVE;
				CLANG_WARN_UNREACHABLE_CODE = YES;
				CLANG_WARN__DUPLICATE_METHOD_MATCH = YES;
				CODE_SIGN_IDENTITY = "iPhone Developer";
				COPY_PHASE_STRIP = NO;
				DEBUG_INFORMATION_FORMAT = "dwarf-with-dsym";
				ENABLE_NS_ASSERTIONS = NO;
				ENABLE_STRICT_OBJC_MSGSEND = YES;
				GCC_C_LANGUAGE_STANDARD = gnu11;
				GCC_NO_COMMON_BLOCKS = YES;
				GCC_WARN_64_TO_32_BIT_CONVERSION = YES;
				GCC_WARN_ABOUT_RETURN_TYPE = YES_ERROR;
				GCC_WARN_UNDECLARED_SELECTOR = YES;
				GCC_WARN_UNINITIALIZED_AUTOS = YES_AGGRESSIVE;
				GCC_WARN_UNUSED_FUNCTION = YES;
				GCC_WARN_UNUSED_VARIABLE = YES;
				IPHONEOS_DEPLOYMENT_TARGET = 12.0;
				MTL_ENABLE_DEBUG_INFO = NO;
				MTL_FAST_MATH = YES;
				SDKROOT = iphoneos;
				SWIFT_COMPILATION_MODE = wholemodule;
				SWIFT_OPTIMIZATION_LEVEL = "-O";
				VALIDATE_PRODUCT = YES;
			};
			name = Release;
		};
		3853A5F12180ED0E0061DB09 /* Debug */ = {
			isa = XCBuildConfiguration;
			baseConfigurationReference = B786C0E790CCCC5A0FE7E97B /* Pods-RadioFmApp.debug.xcconfig */;
			buildSettings = {
				ASSETCATALOG_COMPILER_APPICON_NAME = AppIcon;
				CODE_SIGN_STYLE = Automatic;
				DEVELOPMENT_TEAM = 5NT5BY9QYB;
				INFOPLIST_FILE = RadioFmApp/Info.plist;
				INFOPLIST_PREPROCESS = NO;
				IPHONEOS_DEPLOYMENT_TARGET = 11.0;
				LD_RUNPATH_SEARCH_PATHS = (
					"$(inherited)",
					"@executable_path/Frameworks",
				);
				PRODUCT_BUNDLE_IDENTIFIER = com.company.RadioFmApp;
				PRODUCT_NAME = "$(TARGET_NAME)";
				SWIFT_VERSION = 4.2;
				TARGETED_DEVICE_FAMILY = "1,2";
			};
			name = Debug;
		};
		3853A5F22180ED0E0061DB09 /* Release */ = {
			isa = XCBuildConfiguration;
			baseConfigurationReference = C1FE89FF1BE8DFC9A3FE1F8A /* Pods-RadioFmApp.release.xcconfig */;
			buildSettings = {
				ASSETCATALOG_COMPILER_APPICON_NAME = AppIcon;
				CODE_SIGN_STYLE = Automatic;
				DEVELOPMENT_TEAM = 5NT5BY9QYB;
				INFOPLIST_FILE = RadioFmApp/Info.plist;
				INFOPLIST_PREPROCESS = NO;
				IPHONEOS_DEPLOYMENT_TARGET = 11.0;
				LD_RUNPATH_SEARCH_PATHS = (
					"$(inherited)",
					"@executable_path/Frameworks",
				);
				PRODUCT_BUNDLE_IDENTIFIER = com.company.RadioFmApp;
				PRODUCT_NAME = "$(TARGET_NAME)";
				SWIFT_VERSION = 4.2;
				TARGETED_DEVICE_FAMILY = "1,2";
			};
			name = Release;
		};
/* End XCBuildConfiguration section */

/* Begin XCConfigurationList section */
		3853A5D92180ED0B0061DB09 /* Build configuration list for PBXProject "RadioFmApp" */ = {
			isa = XCConfigurationList;
			buildConfigurations = (
				3853A5EE2180ED0E0061DB09 /* Debug */,
				3853A5EF2180ED0E0061DB09 /* Release */,
			);
			defaultConfigurationIsVisible = 0;
			defaultConfigurationName = Release;
		};
		3853A5F02180ED0E0061DB09 /* Build configuration list for PBXNativeTarget "RadioFmApp" */ = {
			isa = XCConfigurationList;
			buildConfigurations = (
				3853A5F12180ED0E0061DB09 /* Debug */,
				3853A5F22180ED0E0061DB09 /* Release */,
			);
			defaultConfigurationIsVisible = 0;
			defaultConfigurationName = Release;
		};
/* End XCConfigurationList section */
	};
	rootObject = 3853A5D62180ED0B0061DB09 /* Project object */;
}
